
Microsoft Visual Studio Solution File, Format Version 12.00
# Visual Studio Version 17
VisualStudioVersion = 17.8.34309.116
MinimumVisualStudioVersion = 10.0.40219.1
Project("{FAE04EC0-301F-11D3-BF4B-00C04F79EFBC}") = "BlazorDotNet8Crud", "BlazorDotNet8Crud\BlazorDotNet8Crud\BlazorDotNet8Crud.csproj", "{08D55454-81D0-4EB5-BADE-A4B42AE47604}"
EndProject
Project("{FAE04EC0-301F-11D3-BF4B-00C04F79EFBC}") = "BlazorDotNet8Crud.Client", "BlazorDotNet8Crud\BlazorDotNet8Crud.Client\BlazorDotNet8Crud.Client.csproj", "{735E162E-99C1-44FE-95B2-EDEC6B815928}"
EndProject
Global
	GlobalSection(SolutionConfigurationPlatforms) = preSolution
		Debug|Any CPU = Debug|Any CPU
		Release|Any CPU = Release|Any CPU
	EndGlobalSection
	GlobalSection(ProjectConfigurationPlatforms) = postSolution
		{08D55454-81D0-4EB5-BADE-A4B42AE47604}.Debug|Any CPU.ActiveCfg = Debug|Any CPU
		{08D55454-81D0-4EB5-BADE-A4B42AE47604}.Debug|Any CPU.Build.0 = Debug|Any CPU
		{08D55454-81D0-4EB5-BADE-A4B42AE47604}.Release|Any CPU.ActiveCfg = Release|Any CPU
		{08D55454-81D0-4EB5-BADE-A4B42AE47604}.Release|Any CPU.Build.0 = Release|Any CPU
		{735E162E-99C1-44FE-95B2-EDEC6B815928}.Debug|Any CPU.ActiveCfg = Debug|Any CPU
		{735E162E-99C1-44FE-95B2-EDEC6B815928}.Debug|Any CPU.Build.0 = Debug|Any CPU
		{735E162E-99C1-44FE-95B2-EDEC6B815928}.Release|Any CPU.ActiveCfg = Release|Any CPU
		{735E162E-99C1-44FE-95B2-EDEC6B815928}.Release|Any CPU.Build.0 = Release|Any CPU
	EndGlobalSection
	GlobalSection(SolutionProperties) = preSolution
		HideSolutionNode = FALSE
	EndGlobalSection
	GlobalSection(ExtensibilityGlobals) = postSolution
		SolutionGuid = {D4929643-9835-4327-9658-B897F697FAD4}
	EndGlobalSection
EndGlobal
